
Microsoft Visual Studio Solution File, Format Version 12.00
# Visual Studio Version 17
VisualStudioVersion = 17.1.32421.90
MinimumVisualStudioVersion = 10.0.40219.1
Project("{FAE04EC0-301F-11D3-BF4B-00C04F79EFBC}") = "RPG Character API", "RPG Character API.csproj", "{BDB4244A-0D80-4B5E-B893-6F28D862B260}"
EndProject
Global
	GlobalSection(SolutionConfigurationPlatforms) = preSolution
		Debug|Any CPU = Debug|Any CPU
		Release|Any CPU = Release|Any CPU
	EndGlobalSection
	GlobalSection(ProjectConfigurationPlatforms) = postSolution
		{BDB4244A-0D80-4B5E-B893-6F28D862B260}.Debug|Any CPU.ActiveCfg = Debug|Any CPU
		{BDB4244A-0D80-4B5E-B893-6F28D862B260}.Debug|Any CPU.Build.0 = Debug|Any CPU
		{BDB4244A-0D80-4B5E-B893-6F28D862B260}.Release|Any CPU.ActiveCfg = Release|Any CPU
		{BDB4244A-0D80-4B5E-B893-6F28D862B260}.Release|Any CPU.Build.0 = Release|Any CPU
	EndGlobalSection
	GlobalSection(SolutionProperties) = preSolution
		HideSolutionNode = FALSE
	EndGlobalSection
	GlobalSection(ExtensibilityGlobals) = postSolution
		SolutionGuid = {DE97A13E-2119-477F-AEE3-8D3C723A1833}
	EndGlobalSection
EndGlobal
